
Microsoft Visual Studio Solution File, Format Version 12.00
# Visual Studio Version 16
VisualStudioVersion = 16.0.31729.503
MinimumVisualStudioVersion = 10.0.40219.1
Project("{FAE04EC0-301F-11D3-BF4B-00C04F79EFBC}") = "SpeedTest.API", "SpeedTest.API\SpeedTest.API.csproj", "{1CD8F8C5-E2CD-4B4E-AD9D-72CF6A4CF814}"
EndProject
Global
	GlobalSection(SolutionConfigurationPlatforms) = preSolution
		Debug|Any CPU = Debug|Any CPU
		Release|Any CPU = Release|Any CPU
	EndGlobalSection
	GlobalSection(ProjectConfigurationPlatforms) = postSolution
		{1CD8F8C5-E2CD-4B4E-AD9D-72CF6A4CF814}.Debug|Any CPU.ActiveCfg = Debug|Any CPU
		{1CD8F8C5-E2CD-4B4E-AD9D-72CF6A4CF814}.Debug|Any CPU.Build.0 = Debug|Any CPU
		{1CD8F8C5-E2CD-4B4E-AD9D-72CF6A4CF814}.Release|Any CPU.ActiveCfg = Release|Any CPU
		{1CD8F8C5-E2CD-4B4E-AD9D-72CF6A4CF814}.Release|Any CPU.Build.0 = Release|Any CPU
	EndGlobalSection
	GlobalSection(SolutionProperties) = preSolution
		HideSolutionNode = FALSE
	EndGlobalSection
	GlobalSection(ExtensibilityGlobals) = postSolution
		SolutionGuid = {5FB520A0-4F2A-4520-B320-AAE57DC8DFA6}
	EndGlobalSection
EndGlobal
